Microsoft Visual Studio Solution File, Format Version 12.00
# Visual Studio Version 17
VisualStudioVersion = 17.5.2.0
MinimumVisualStudioVersion = 10.0.40219.1
Project("{2150E333-8FDC-42A3-9474-1A3956D46DE8}") = "Editor", "Editor", "{28251423-8E50-9DF4-F913-DC1FAAA673F1}"
EndProject
Project("{FAE04EC0-301F-11D3-BF4B-00C04F79EFBC}") = "VertextureEditor", "Editor\VertextureEditor.csproj", "{26AEA9DE-5191-917F-79C4-B1F68435BA90}"
EndProject
Global
	GlobalSection(SolutionConfigurationPlatforms) = preSolution
		Debug|Any CPU = Debug|Any CPU
		Release|Any CPU = Release|Any CPU
	EndGlobalSection
	GlobalSection(ProjectConfigurationPlatforms) = postSolution
		{26AEA9DE-5191-917F-79C4-B1F68435BA90}.Debug|Any CPU.ActiveCfg = Debug|Any CPU
		{26AEA9DE-5191-917F-79C4-B1F68435BA90}.Debug|Any CPU.Build.0 = Debug|Any CPU
		{26AEA9DE-5191-917F-79C4-B1F68435BA90}.Release|Any CPU.ActiveCfg = Release|Any CPU
		{26AEA9DE-5191-917F-79C4-B1F68435BA90}.Release|Any CPU.Build.0 = Release|Any CPU
	EndGlobalSection
	GlobalSection(SolutionProperties) = preSolution
		HideSolutionNode = FALSE
	EndGlobalSection
	GlobalSection(NestedProjects) = preSolution
		{26AEA9DE-5191-917F-79C4-B1F68435BA90} = {28251423-8E50-9DF4-F913-DC1FAAA673F1}
	EndGlobalSection
	GlobalSection(ExtensibilityGlobals) = postSolution
		SolutionGuid = {7A419BF2-AE4F-47CE-956A-BB44015C66CF}
	EndGlobalSection
EndGlobal
